
Microsoft Visual Studio Solution File, Format Version 12.00
# Visual Studio Version 16
VisualStudioVersion = 16.0.29519.181
MinimumVisualStudioVersion = 10.0.40219.1
Project("{9A19103F-16F7-4668-BE54-9A1E7A4F7556}") = "WSEI-aspnet_projekt", "WSEI-aspnet_projekt\WSEI-aspnet_projekt.csproj", "{CD98E623-6016-47FA-9744-262D4E48924F}"
EndProject
Project("{9A19103F-16F7-4668-BE54-9A1E7A4F7556}") = "WSEI-aspnet-project-tests", "WSEI-aspnet-project-tests\WSEI-aspnet-project-tests.csproj", "{19F5F798-119D-479B-B952-6846DD21CB23}"
EndProject
Project("{E53339B2-1760-4266-BCC7-CA923CBCF16C}") = "docker-compose", "docker-compose.dcproj", "{F1305749-E9E5-4D58-BCA6-8ED392E0B801}"
EndProject
Global
	GlobalSection(SolutionConfigurationPlatforms) = preSolution
		Debug|Any CPU = Debug|Any CPU
		Release|Any CPU = Release|Any CPU
	EndGlobalSection
	GlobalSection(ProjectConfigurationPlatforms) = postSolution
		{CD98E623-6016-47FA-9744-262D4E48924F}.Debug|Any CPU.ActiveCfg = Debug|Any CPU
		{CD98E623-6016-47FA-9744-262D4E48924F}.Debug|Any CPU.Build.0 = Debug|Any CPU
		{CD98E623-6016-47FA-9744-262D4E48924F}.Release|Any CPU.ActiveCfg = Release|Any CPU
		{CD98E623-6016-47FA-9744-262D4E48924F}.Release|Any CPU.Build.0 = Release|Any CPU
		{19F5F798-119D-479B-B952-6846DD21CB23}.Debug|Any CPU.ActiveCfg = Debug|Any CPU
		{19F5F798-119D-479B-B952-6846DD21CB23}.Debug|Any CPU.Build.0 = Debug|Any CPU
		{19F5F798-119D-479B-B952-6846DD21CB23}.Release|Any CPU.ActiveCfg = Release|Any CPU
		{19F5F798-119D-479B-B952-6846DD21CB23}.Release|Any CPU.Build.0 = Release|Any CPU
		{F1305749-E9E5-4D58-BCA6-8ED392E0B801}.Debug|Any CPU.ActiveCfg = Debug|Any CPU
		{F1305749-E9E5-4D58-BCA6-8ED392E0B801}.Debug|Any CPU.Build.0 = Debug|Any CPU
		{F1305749-E9E5-4D58-BCA6-8ED392E0B801}.Release|Any CPU.ActiveCfg = Release|Any CPU
		{F1305749-E9E5-4D58-BCA6-8ED392E0B801}.Release|Any CPU.Build.0 = Release|Any CPU
	EndGlobalSection
	GlobalSection(SolutionProperties) = preSolution
		HideSolutionNode = FALSE
	EndGlobalSection
	GlobalSection(ExtensibilityGlobals) = postSolution
		SolutionGuid = {8ED0F156-33E5-4806-AAAF-41A6856421A0}
	EndGlobalSection
EndGlobal
